// !$*UTF8*$!
{
	archiveVersion = 1;
	classes = {
	};
	objectVersion = 46;
	objects = {

/* Begin PBXBuildFile section */
		2733BB6DE5E043499314F97A /* libPods.a in Frameworks */ = {isa = PBXBuildFile; fileRef = 781D36D226134D0B87D8B93B /* libPods.a */; };
		E91D378A19DCCCF500AA0CA9 /* MenuViewController.swift in Sources */ = {isa = PBXBuildFile; fileRef = E91D378919DCCCF500AA0CA9 /* MenuViewController.swift */; };
		E93580D119D8CE4B005B887F /* MessageViewController.swift in Sources */ = {isa = PBXBuildFile; fileRef = E93580D019D8CE4B005B887F /* MessageViewController.swift */; };
		E954B72719D8E63100C3A1AE /* DetailViewController.swift in Sources */ = {isa = PBXBuildFile; fileRef = E954B72619D8E63100C3A1AE /* DetailViewController.swift */; };
		E979C0F419DCD8F700E1B430 /* MenuCell.swift in Sources */ = {isa = PBXBuildFile; fileRef = E979C0F319DCD8F700E1B430 /* MenuCell.swift */; };
		E9CE8DE319D778D5006586EF /* AppDelegate.swift in Sources */ = {isa = PBXBuildFile; fileRef = E9CE8DE219D778D5006586EF /* AppDelegate.swift */; };
		E9CE8DE519D778D5006586EF /* ViewController.swift in Sources */ = {isa = PBXBuildFile; fileRef = E9CE8DE419D778D5006586EF /* ViewController.swift */; };
		E9CE8DE819D778D5006586EF /* Main.storyboard in Resources */ = {isa = PBXBuildFile; fileRef = E9CE8DE619D778D5006586EF /* Main.storyboard */; };
		E9CE8DEA19D778D5006586EF /* Images.xcassets in Resources */ = {isa = PBXBuildFile; fileRef = E9CE8DE919D778D5006586EF /* Images.xcassets */; };
		E9CE8DF619D778D5006586EF /* twitterTests.swift in Sources */ = {isa = PBXBuildFile; fileRef = E9CE8DF519D778D5006586EF /* twitterTests.swift */; };
		E9E7B9E819D7843F00067D5F /* TwitterClient.swift in Sources */ = {isa = PBXBuildFile; fileRef = E9E7B9E719D7843F00067D5F /* TwitterClient.swift */; };
		E9E7B9EB19D794D100067D5F /* User.swift in Sources */ = {isa = PBXBuildFile; fileRef = E9E7B9EA19D794D100067D5F /* User.swift */; };
		E9E7B9ED19D7951700067D5F /* Tweet.swift in Sources */ = {isa = PBXBuildFile; fileRef = E9E7B9EC19D7951700067D5F /* Tweet.swift */; };
		E9E7B9EF19D7ADC700067D5F /* TweetsViewController.swift in Sources */ = {isa = PBXBuildFile; fileRef = E9E7B9EE19D7ADC700067D5F /* TweetsViewController.swift */; };
		E9E7B9F219D7DF2C00067D5F /* TweetCell.swift in Sources */ = {isa = PBXBuildFile; fileRef = E9E7B9F119D7DF2C00067D5F /* TweetCell.swift */; };
/* End PBXBuildFile section */

/* Begin PBXContainerItemProxy section */
		E9CE8DF019D778D5006586EF /* PBXContainerItemProxy */ = {
			isa = PBXContainerItemProxy;
			containerPortal = E9CE8DD519D778D5006586EF /* Project object */;
			proxyType = 1;
			remoteGlobalIDString = E9CE8DDC19D778D5006586EF;
			remoteInfo = twitter;
		};
/* End PBXContainerItemProxy section */

/* Begin PBXFileReference section */
		781D36D226134D0B87D8B93B /* libPods.a */ = {isa = PBXFileReference; explicitFileType = archive.ar; includeInIndex = 0; path = libPods.a; sourceTree = BUILT_PRODUCTS_DIR; };
		E2E2A25771CB4D49A7813644 /* Pods.xcconfig */ = {isa = PBXFileReference; includeInIndex = 1; lastKnownFileType = text.xcconfig; name = Pods.xcconfig; path = Pods/Pods.xcconfig; sourceTree = "<group>"; };
		E91D378919DCCCF500AA0CA9 /* MenuViewController.swift */ = {isa = PBXFileReference; fileEncoding = 4; lastKnownFileType = sourcecode.swift; path = MenuViewController.swift; sourceTree = "<group>"; };
		E93580D019D8CE4B005B887F /* MessageViewController.swift */ = {isa = PBXFileReference; fileEncoding = 4; lastKnownFileType = sourcecode.swift; path = MessageViewController.swift; sourceTree = "<group>"; };
		E954B72619D8E63100C3A1AE /* DetailViewController.swift */ = {isa = PBXFileReference; fileEncoding = 4; lastKnownFileType = sourcecode.swift; path = DetailViewController.swift; sourceTree = "<group>"; };
		E979C0F319DCD8F700E1B430 /* MenuCell.swift */ = {isa = PBXFileReference; fileEncoding = 4; lastKnownFileType = sourcecode.swift; path = MenuCell.swift; sourceTree = "<group>"; };
		E9CE8DDD19D778D5006586EF /* twitter.app */ = {isa = PBXFileReference; explicitFileType = wrapper.application; includeInIndex = 0; path = twitter.app; sourceTree = BUILT_PRODUCTS_DIR; };
		E9CE8DE119D778D5006586EF /* Info.plist */ = {isa = PBXFileReference; lastKnownFileType = text.plist.xml; path = Info.plist; sourceTree = "<group>"; };
		E9CE8DE219D778D5006586EF /* AppDelegate.swift */ = {isa = PBXFileReference; lastKnownFileType = sourcecode.swift; path = AppDelegate.swift; sourceTree = "<group>"; };
		E9CE8DE419D778D5006586EF /* ViewController.swift */ = {isa = PBXFileReference; lastKnownFileType = sourcecode.swift; path = ViewController.swift; sourceTree = "<group>"; };
		E9CE8DE719D778D5006586EF /* Base */ = {isa = PBXFileReference; lastKnownFileType = file.storyboard; name = Base; path = Base.lproj/Main.storyboard; sourceTree = "<group>"; };
		E9CE8DE919D778D5006586EF /* Images.xcassets */ = {isa = PBXFileReference; lastKnownFileType = folder.assetcatalog; path = Images.xcassets; sourceTree = "<group>"; };
		E9CE8DEF19D778D5006586EF /* twitterTests.xctest */ = {isa = PBXFileReference; explicitFileType = wrapper.cfbundle; includeInIndex = 0; path = twitterTests.xctest; sourceTree = BUILT_PRODUCTS_DIR; };
		E9CE8DF419D778D5006586EF /* Info.plist */ = {isa = PBXFileReference; lastKnownFileType = text.plist.xml; path = Info.plist; sourceTree = "<group>"; };
		E9CE8DF519D778D5006586EF /* twitterTests.swift */ = {isa = PBXFileReference; lastKnownFileType = sourcecode.swift; path = twitterTests.swift; sourceTree = "<group>"; };
		E9E7B9E319D7838300067D5F /* twitter-Bridging-Header.h */ = {isa = PBXFileReference; lastKnownFileType = sourcecode.c.h; path = "twitter-Bridging-Header.h"; sourceTree = "<group>"; };
		E9E7B9E719D7843F00067D5F /* TwitterClient.swift */ = {isa = PBXFileReference; fileEncoding = 4; lastKnownFileType = sourcecode.swift; path = TwitterClient.swift; sourceTree = "<group>"; };
		E9E7B9EA19D794D100067D5F /* User.swift */ = {isa = PBXFileReference; fileEncoding = 4; lastKnownFileType = sourcecode.swift; path = User.swift; sourceTree = "<group>"; };
		E9E7B9EC19D7951700067D5F /* Tweet.swift */ = {isa = PBXFileReference; fileEncoding = 4; lastKnownFileType = sourcecode.swift; path = Tweet.swift; sourceTree = "<group>"; };
		E9E7B9EE19D7ADC700067D5F /* TweetsViewController.swift */ = {isa = PBXFileReference; fileEncoding = 4; lastKnownFileType = sourcecode.swift; path = TweetsViewController.swift; sourceTree = "<group>"; };
		E9E7B9F119D7DF2C00067D5F /* TweetCell.swift */ = {isa = PBXFileReference; fileEncoding = 4; lastKnownFileType = sourcecode.swift; path = TweetCell.swift; sourceTree = "<group>"; };
/* End PBXFileReference section */

/* Begin PBXFrameworksBuildPhase section */
		E9CE8DDA19D778D5006586EF /* Frameworks */ = {
			isa = PBXFrameworksBuildPhase;
			buildActionMask = 2147483647;
			files = (
				2733BB6DE5E043499314F97A /* libPods.a in Frameworks */,
			);
			runOnlyForDeploymentPostprocessing = 0;
		};
		E9CE8DEC19D778D5006586EF /* Frameworks */ = {
			isa = PBXFrameworksBuildPhase;
			buildActionMask = 2147483647;
			files = (
			);
			runOnlyForDeploymentPostprocessing = 0;
		};
/* End PBXFrameworksBuildPhase section */

/* Begin PBXGroup section */
		C25193DB8EDB4DE686B335A8 /* Frameworks */ = {
			isa = PBXGroup;
			children = (
				781D36D226134D0B87D8B93B /* libPods.a */,
			);
			name = Frameworks;
			sourceTree = "<group>";
		};
		E9CE8DD419D778D5006586EF = {
			isa = PBXGroup;
			children = (
				E9CE8DDF19D778D5006586EF /* twitter */,
				E9CE8DF219D778D5006586EF /* twitterTests */,
				E9CE8DDE19D778D5006586EF /* Products */,
				E2E2A25771CB4D49A7813644 /* Pods.xcconfig */,
				C25193DB8EDB4DE686B335A8 /* Frameworks */,
			);
			sourceTree = "<group>";
		};
		E9CE8DDE19D778D5006586EF /* Products */ = {
			isa = PBXGroup;
			children = (
				E9CE8DDD19D778D5006586EF /* twitter.app */,
				E9CE8DEF19D778D5006586EF /* twitterTests.xctest */,
			);
			name = Products;
			sourceTree = "<group>";
		};
		E9CE8DDF19D778D5006586EF /* twitter */ = {
			isa = PBXGroup;
			children = (
				E9E7B9F019D7DEEB00067D5F /* Controllers */,
				E9E7B9E919D794AD00067D5F /* Models */,
				E9E7B9E619D783F900067D5F /* API */,
				E9CE8DE219D778D5006586EF /* AppDelegate.swift */,
				E9CE8DE619D778D5006586EF /* Main.storyboard */,
				E9CE8DE919D778D5006586EF /* Images.xcassets */,
				E9CE8DE019D778D5006586EF /* Supporting Files */,
				E9E7B9E319D7838300067D5F /* twitter-Bridging-Header.h */,
			);
			path = twitter;
			sourceTree = "<group>";
		};
		E9CE8DE019D778D5006586EF /* Supporting Files */ = {
			isa = PBXGroup;
			children = (
				E9CE8DE119D778D5006586EF /* Info.plist */,
			);
			name = "Supporting Files";
			sourceTree = "<group>";
		};
		E9CE8DF219D778D5006586EF /* twitterTests */ = {
			isa = PBXGroup;
			children = (
				E9CE8DF519D778D5006586EF /* twitterTests.swift */,
				E9CE8DF319D778D5006586EF /* Supporting Files */,
			);
			path = twitterTests;
			sourceTree = "<group>";
		};
		E9CE8DF319D778D5006586EF /* Supporting Files */ = {
			isa = PBXGroup;
			children = (
				E9CE8DF419D778D5006586EF /* Info.plist */,
			);
			name = "Supporting Files";
			sourceTree = "<group>";
		};
		E9E7B9E619D783F900067D5F /* API */ = {
			isa = PBXGroup;
			children = (
				E9E7B9E719D7843F00067D5F /* TwitterClient.swift */,
			);
			name = API;
			sourceTree = "<group>";
		};
		E9E7B9E919D794AD00067D5F /* Models */ = {
			isa = PBXGroup;
			children = (
				E9E7B9EA19D794D100067D5F /* User.swift */,
				E9E7B9EC19D7951700067D5F /* Tweet.swift */,
			);
			name = Models;
			sourceTree = "<group>";
		};
		E9E7B9F019D7DEEB00067D5F /* Controllers */ = {
			isa = PBXGroup;
			children = (
				E93580D019D8CE4B005B887F /* MessageViewController.swift */,
				E9E7B9EE19D7ADC700067D5F /* TweetsViewController.swift */,
				E9CE8DE419D778D5006586EF /* ViewController.swift */,
				E9E7B9F119D7DF2C00067D5F /* TweetCell.swift */,
				E954B72619D8E63100C3A1AE /* DetailViewController.swift */,
				E91D378919DCCCF500AA0CA9 /* MenuViewController.swift */,
				E979C0F319DCD8F700E1B430 /* MenuCell.swift */,
			);
			name = Controllers;
			sourceTree = "<group>";
		};
/* End PBXGroup section */

/* Begin PBXNativeTarget section */
		E9CE8DDC19D778D5006586EF /* twitter */ = {
			isa = PBXNativeTarget;
			buildConfigurationList = E9CE8DF919D778D5006586EF /* Build configuration list for PBXNativeTarget "twitter" */;
			buildPhases = (
				B474665168134656A994A3FA /* Check Pods Manifest.lock */,
				E9CE8DD919D778D5006586EF /* Sources */,
				E9CE8DDA19D778D5006586EF /* Frameworks */,
				E9CE8DDB19D778D5006586EF /* Resources */,
				78308E382C564709A5C831E3 /* Copy Pods Resources */,
			);
			buildRules = (
			);
			dependencies = (
			);
			name = twitter;
			productName = twitter;
			productReference = E9CE8DDD19D778D5006586EF /* twitter.app */;
			productType = "com.apple.product-type.application";
		};
		E9CE8DEE19D778D5006586EF /* twitterTests */ = {
			isa = PBXNativeTarget;
			buildConfigurationList = E9CE8DFC19D778D5006586EF /* Build configuration list for PBXNativeTarget "twitterTests" */;
			buildPhases = (
				E9CE8DEB19D778D5006586EF /* Sources */,
				E9CE8DEC19D778D5006586EF /* Frameworks */,
				E9CE8DED19D778D5006586EF /* Resources */,
			);
			buildRules = (
			);
			dependencies = (
				E9CE8DF119D778D5006586EF /* PBXTargetDependency */,
			);
			name = twitterTests;
			productName = twitterTests;
			productReference = E9CE8DEF19D778D5006586EF /* twitterTests.xctest */;
			productType = "com.apple.product-type.bundle.unit-test";
		};
/* End PBXNativeTarget section */

/* Begin PBXProject section */
		E9CE8DD519D778D5006586EF /* Project object */ = {
			isa = PBXProject;
			attributes = {
				LastUpgradeCheck = 0600;
				ORGANIZATIONNAME = "Alena Nikitina";
				TargetAttributes = {
					E9CE8DDC19D778D5006586EF = {
						CreatedOnToolsVersion = 6.0;
					};
					E9CE8DEE19D778D5006586EF = {
						CreatedOnToolsVersion = 6.0;
						TestTargetID = E9CE8DDC19D778D5006586EF;
					};
				};
			};
			buildConfigurationList = E9CE8DD819D778D5006586EF /* Build configuration list for PBXProject "twitter" */;
			compatibilityVersion = "Xcode 3.2";
			developmentRegion = English;
			hasScannedForEncodings = 0;
			knownRegions = (
				en,
				Base,
			);
			mainGroup = E9CE8DD419D778D5006586EF;
			productRefGroup = E9CE8DDE19D778D5006586EF /* Products */;
			projectDirPath = "";
			projectRoot = "";
			targets = (
				E9CE8DDC19D778D5006586EF /* twitter */,
				E9CE8DEE19D778D5006586EF /* twitterTests */,
			);
		};
/* End PBXProject section */

/* Begin PBXResourcesBuildPhase section */
		E9CE8DDB19D778D5006586EF /* Resources */ = {
			isa = PBXResourcesBuildPhase;
			buildActionMask = 2147483647;
			files = (
				E9CE8DE819D778D5006586EF /* Main.storyboard in Resources */,
				E9CE8DEA19D778D5006586EF /* Images.xcassets in Resources */,
			);
			runOnlyForDeploymentPostprocessing = 0;
		};
		E9CE8DED19D778D5006586EF /* Resources */ = {
			isa = PBXResourcesBuildPhase;
			buildActionMask = 2147483647;
			files = (
			);
			runOnlyForDeploymentPostprocessing = 0;
		};
/* End PBXResourcesBuildPhase section */

/* Begin PBXShellScriptBuildPhase section */
		78308E382C564709A5C831E3 /* Copy Pods Resources */ = {
			isa = PBXShellScriptBuildPhase;
			buildActionMask = 2147483647;
			files = (
			);
			inputPaths = (
			);
			name = "Copy Pods Resources";
			outputPaths = (
			);
			runOnlyForDeploymentPostprocessing = 0;
			shellPath = /bin/sh;
			shellScript = "\"${SRCROOT}/Pods/Pods-resources.sh\"\n";
			showEnvVarsInLog = 0;
		};
		B474665168134656A994A3FA /* Check Pods Manifest.lock */ = {
			isa = PBXShellScriptBuildPhase;
			buildActionMask = 2147483647;
			files = (
			);
			inputPaths = (
			);
			name = "Check Pods Manifest.lock";
			outputPaths = (
			);
			runOnlyForDeploymentPostprocessing = 0;
			shellPath = /bin/sh;
			shellScript = "diff \"${PODS_ROOT}/../Podfile.lock\" \"${PODS_ROOT}/Manifest.lock\" > /dev/null\nif [[ $? != 0 ]] ; then\n    cat << EOM\nerror: The sandbox is not in sync with the Podfile.lock. Run 'pod install' or update your CocoaPods installation.\nEOM\n    exit 1\nfi\n";
			showEnvVarsInLog = 0;
		};
/* End PBXShellScriptBuildPhase section */

/* Begin PBXSourcesBuildPhase section */
		E9CE8DD919D778D5006586EF /* Sources */ = {
			isa = PBXSourcesBuildPhase;
			buildActionMask = 2147483647;
			files = (
				E954B72719D8E63100C3A1AE /* DetailViewController.swift in Sources */,
				E91D378A19DCCCF500AA0CA9 /* MenuViewController.swift in Sources */,
				E9E7B9EB19D794D100067D5F /* User.swift in Sources */,
				E9E7B9F219D7DF2C00067D5F /* TweetCell.swift in Sources */,
				E93580D119D8CE4B005B887F /* MessageViewController.swift in Sources */,
				E979C0F419DCD8F700E1B430 /* MenuCell.swift in Sources */,
				E9E7B9ED19D7951700067D5F /* Tweet.swift in Sources */,
				E9E7B9EF19D7ADC700067D5F /* TweetsViewController.swift in Sources */,
				E9CE8DE519D778D5006586EF /* ViewController.swift in Sources */,
				E9E7B9E819D7843F00067D5F /* TwitterClient.swift in Sources */,
				E9CE8DE319D778D5006586EF /* AppDelegate.swift in Sources */,
			);
			runOnlyForDeploymentPostprocessing = 0;
		};
		E9CE8DEB19D778D5006586EF /* Sources */ = {
			isa = PBXSourcesBuildPhase;
			buildActionMask = 2147483647;
			files = (
				E9CE8DF619D778D5006586EF /* twitterTests.swift in Sources */,
			);
			runOnlyForDeploymentPostprocessing = 0;
		};
/* End PBXSourcesBuildPhase section */

/* Begin PBXTargetDependency section */
		E9CE8DF119D778D5006586EF /* PBXTargetDependency */ = {
			isa = PBXTargetDependency;
			target = E9CE8DDC19D778D5006586EF /* twitter */;
			targetProxy = E9CE8DF019D778D5006586EF /* PBXContainerItemProxy */;
		};
/* End PBXTargetDependency section */

/* Begin PBXVariantGroup section */
		E9CE8DE619D778D5006586EF /* Main.storyboard */ = {
			isa = PBXVariantGroup;
			children = (
				E9CE8DE719D778D5006586EF /* Base */,
			);
			name = Main.storyboard;
			sourceTree = "<group>";
		};
/* End PBXVariantGroup section */

/* Begin XCBuildConfiguration section */
		E9CE8DF719D778D5006586EF /* Debug */ = {
			isa = XCBuildConfiguration;
			buildSettings = {
				ALWAYS_SEARCH_USER_PATHS = NO;
				CLANG_CXX_LANGUAGE_STANDARD = "gnu++0x";
				CLANG_CXX_LIBRARY = "libc++";
				CLANG_ENABLE_MODULES = YES;
				CLANG_ENABLE_OBJC_ARC = YES;
				CLANG_WARN_BOOL_CONVERSION = YES;
				CLANG_WARN_CONSTANT_CONVERSION = YES;
				CLANG_WARN_DIRECT_OBJC_ISA_USAGE = YES_ERROR;
				CLANG_WARN_EMPTY_BODY = YES;
				CLANG_WARN_ENUM_CONVERSION = YES;
				CLANG_WARN_INT_CONVERSION = YES;
				CLANG_WARN_OBJC_ROOT_CLASS = YES_ERROR;
				CLANG_WARN_UNREACHABLE_CODE = YES;
				CLANG_WARN__DUPLICATE_METHOD_MATCH = YES;
				"CODE_SIGN_IDENTITY[sdk=iphoneos*]" = "iPhone Developer";
				COPY_PHASE_STRIP = NO;
				ENABLE_STRICT_OBJC_MSGSEND = YES;
				GCC_C_LANGUAGE_STANDARD = gnu99;
				GCC_DYNAMIC_NO_PIC = NO;
				GCC_OPTIMIZATION_LEVEL = 0;
				GCC_PREPROCESSOR_DEFINITIONS = (
					"DEBUG=1",
					"$(inherited)",
				);
				GCC_SYMBOLS_PRIVATE_EXTERN = NO;
				GCC_WARN_64_TO_32_BIT_CONVERSION = YES;
				GCC_WARN_ABOUT_RETURN_TYPE = YES_ERROR;
				GCC_WARN_UNDECLARED_SELECTOR = YES;
				GCC_WARN_UNINITIALIZED_AUTOS = YES_AGGRESSIVE;
				GCC_WARN_UNUSED_FUNCTION = YES;
				GCC_WARN_UNUSED_VARIABLE = YES;
				IPHONEOS_DEPLOYMENT_TARGET = 8.0;
				MTL_ENABLE_DEBUG_INFO = YES;
				ONLY_ACTIVE_ARCH = YES;
				SDKROOT = iphoneos;
				SWIFT_OPTIMIZATION_LEVEL = "-Onone";
			};
			name = Debug;
		};
		E9CE8DF819D778D5006586EF /* Release */ = {
			isa = XCBuildConfiguration;
			buildSettings = {
				ALWAYS_SEARCH_USER_PATHS = NO;
				CLANG_CXX_LANGUAGE_STANDARD = "gnu++0x";
				CLANG_CXX_LIBRARY = "libc++";
				CLANG_ENABLE_MODULES = YES;
				CLANG_ENABLE_OBJC_ARC = YES;
				CLANG_WARN_BOOL_CONVERSION = YES;
				CLANG_WARN_CONSTANT_CONVERSION = YES;
				CLANG_WARN_DIRECT_OBJC_ISA_USAGE = YES_ERROR;
				CLANG_WARN_EMPTY_BODY = YES;
				CLANG_WARN_ENUM_CONVERSION = YES;
				CLANG_WARN_INT_CONVERSION = YES;
				CLANG_WARN_OBJC_ROOT_CLASS = YES_ERROR;
				CLANG_WARN_UNREACHABLE_CODE = YES;
				CLANG_WARN__DUPLICATE_METHOD_MATCH = YES;
				"CODE_SIGN_IDENTITY[sdk=iphoneos*]" = "iPhone Developer";
				COPY_PHASE_STRIP = YES;
				ENABLE_NS_ASSERTIONS = NO;
				ENABLE_STRICT_OBJC_MSGSEND = YES;
				GCC_C_LANGUAGE_STANDARD = gnu99;
				GCC_WARN_64_TO_32_BIT_CONVERSION = YES;
				GCC_WARN_ABOUT_RETURN_TYPE = YES_ERROR;
				GCC_WARN_UNDECLARED_SELECTOR = YES;
				GCC_WARN_UNINITIALIZED_AUTOS = YES_AGGRESSIVE;
				GCC_WARN_UNUSED_FUNCTION = YES;
				GCC_WARN_UNUSED_VARIABLE = YES;
				IPHONEOS_DEPLOYMENT_TARGET = 8.0;
				MTL_ENABLE_DEBUG_INFO = NO;
				SDKROOT = iphoneos;
				VALIDATE_PRODUCT = YES;
			};
			name = Release;
		};
		E9CE8DFA19D778D5006586EF /* Debug */ = {
			isa = XCBuildConfiguration;
			baseConfigurationReference = E2E2A25771CB4D49A7813644 /* Pods.xcconfig */;
			buildSettings = {
				ASSETCATALOG_COMPILER_APPICON_NAME = AppIcon;
				ASSETCATALOG_COMPILER_LAUNCHIMAGE_NAME = LaunchImage;
				CLANG_ENABLE_MODULES = YES;
				INFOPLIST_FILE = twitter/Info.plist;
				LD_RUNPATH_SEARCH_PATHS = "$(inherited) @executable_path/Frameworks";
				PRODUCT_NAME = "$(TARGET_NAME)";
				SWIFT_OBJC_BRIDGING_HEADER = "twitter/twitter-Bridging-Header.h";
				SWIFT_OPTIMIZATION_LEVEL = "-Onone";
			};
			name = Debug;
		};
		E9CE8DFB19D778D5006586EF /* Release */ = {
			isa = XCBuildConfiguration;
			baseConfigurationReference = E2E2A25771CB4D49A7813644 /* Pods.xcconfig */;
			buildSettings = {
				ASSETCATALOG_COMPILER_APPICON_NAME = AppIcon;
				ASSETCATALOG_COMPILER_LAUNCHIMAGE_NAME = LaunchImage;
				CLANG_ENABLE_MODULES = YES;
				INFOPLIST_FILE = twitter/Info.plist;
				LD_RUNPATH_SEARCH_PATHS = "$(inherited) @executable_path/Frameworks";
				PRODUCT_NAME = "$(TARGET_NAME)";
				SWIFT_OBJC_BRIDGING_HEADER = "twitter/twitter-Bridging-Header.h";
			};
			name = Release;
		};
		E9CE8DFD19D778D5006586EF /* Debug */ = {
			isa = XCBuildConfiguration;
			buildSettings = {
				BUNDLE_LOADER = "$(TEST_HOST)";
				FRAMEWORK_SEARCH_PATHS = (
					"$(SDKROOT)/Developer/Library/Frameworks",
					"$(inherited)",
				);
				GCC_PREPROCESSOR_DEFINITIONS = (
					"DEBUG=1",
					"$(inherited)",
				);
				INFOPLIST_FILE = twitterTests/Info.plist;
				LD_RUNPATH_SEARCH_PATHS = "$(inherited) @executable_path/Frameworks @loader_path/Frameworks";
				PRODUCT_NAME = "$(TARGET_NAME)";
				TEST_HOST = "$(BUILT_PRODUCTS_DIR)/twitter.app/twitter";
			};
			name = Debug;
		};
		E9CE8DFE19D778D5006586EF /* Release */ = {
			isa = XCBuildConfiguration;
			buildSettings = {
				BUNDLE_LOADER = "$(TEST_HOST)";
				FRAMEWORK_SEARCH_PATHS = (
					"$(SDKROOT)/Developer/Library/Frameworks",
					"$(inherited)",
				);
				INFOPLIST_FILE = twitterTests/Info.plist;
				LD_RUNPATH_SEARCH_PATHS = "$(inherited) @executable_path/Frameworks @loader_path/Frameworks";
				PRODUCT_NAME = "$(TARGET_NAME)";
				TEST_HOST = "$(BUILT_PRODUCTS_DIR)/twitter.app/twitter";
			};
			name = Release;
		};
/* End XCBuildConfiguration section */

/* Begin XCConfigurationList section */
		E9CE8DD819D778D5006586EF /* Build configuration list for PBXProject "twitter" */ = {
			isa = XCConfigurationList;
			buildConfigurations = (
				E9CE8DF719D778D5006586EF /* Debug */,
				E9CE8DF819D778D5006586EF /* Release */,
			);
			defaultConfigurationIsVisible = 0;
			defaultConfigurationName = Release;
		};
		E9CE8DF919D778D5006586EF /* Build configuration list for PBXNativeTarget "twitter" */ = {
			isa = XCConfigurationList;
			buildConfigurations = (
				E9CE8DFA19D778D5006586EF /* Debug */,
				E9CE8DFB19D778D5006586EF /* Release */,
			);
			defaultConfigurationIsVisible = 0;
			defaultConfigurationName = Release;
		};
		E9CE8DFC19D778D5006586EF /* Build configuration list for PBXNativeTarget "twitterTests" */ = {
			isa = XCConfigurationList;
			buildConfigurations = (
				E9CE8DFD19D778D5006586EF /* Debug */,
				E9CE8DFE19D778D5006586EF /* Release */,
			);
			defaultConfigurationIsVisible = 0;
			defaultConfigurationName = Release;
		};
/* End XCConfigurationList section */
	};
	rootObject = E9CE8DD519D778D5006586EF /* Project object */;
}
